# THIS IS AN AUTOGENERATED FILE. DO NOT EDIT THIS FILE DIRECTLY.
# yarn lockfile v1


"@ephox/acid@^7.0.0":
  version "6.0.3"
  resolved "https://registry.yarnpkg.com/@ephox/acid/-/acid-6.0.3.tgz#40fd8d8af943f645b5174e89a38cb7cfd670f0be"
  integrity sha512-CN/MhAMX3/VbYxcm9ATmwseHLsKTAWMnvlcgPv26AWAwC+yAkIScI0TD2eZ3HBr6ZtlIGDN9bhAtmpxivBz2Cw==
  dependencies:
    "@ephox/alloy" "^14.0.3"
    "@ephox/boulder" "^7.1.6"
    "@ephox/katamari" "^9.1.6"
    "@ephox/sugar" "^9.3.1"

"@ephox/agar@^8.0.1", "@ephox/agar@^9.0.0":
  version "8.0.1"
  resolved "https://registry.yarnpkg.com/@ephox/agar/-/agar-8.0.1.tgz#6772ed7abd90adee5b08bc6f8baf0cb4f22b8d1c"
  integrity sha512-2LR/u0oos9GadRoLFDVE6NRDV8Tl9+DYQyouVYn0+7afAYdouyw+nXaoTVG5nnvMG+ofsmldKOC82nJWu0a4kQ==
  dependencies:
    "@ephox/bedrock-client" "11 || 12 || 13"
    "@ephox/bedrock-common" "11 || 12 || 13"
    "@ephox/jax" "^7.0.10"
    "@ephox/sand" "^6.0.10"
    "@ephox/sugar" "^9.3.1"
    "@types/sizzle" "^2.3.3"
    fast-check "^2.0.0"
    sizzle "^2.3.4"

"@ephox/alloy@^14.0.3", "@ephox/alloy@^15.0.0":
  version "14.0.3"
  resolved "https://registry.yarnpkg.com/@ephox/alloy/-/alloy-14.0.3.tgz#0ce852077afc610e36b3820dbf3f92fb66ade6c4"
  integrity sha512-fY4yRv/yEvBP5RbD5fz7BivzROg6HDqPzNw4OWH8ZEp6gu4nI1ABMwegrmKZaAV5H2T57I3Jca/F9j6HhKkSxQ==
  dependencies:
    "@ephox/agar" "^8.0.1"
    "@ephox/boulder" "^7.1.6"
    "@ephox/katamari" "^9.1.6"
    "@ephox/sand" "^6.0.10"
    "@ephox/sugar" "^9.3.1"

"@ephox/bedrock-client@11 || 12 || 13":
  version "13.0.0"
  resolved "https://registry.yarnpkg.com/@ephox/bedrock-client/-/bedrock-client-13.0.0.tgz#e9af3747257eebf7026f2b8177f2fd15bffb005f"
  integrity sha512-Zah4+o7wFmYO6x3AHiQ1fIYdWIKMAlgszFqKp+JYrmkmqQG9h25wk2izPvTvJ+UGrORU6W90PrDWuksE1XhcUw==
  dependencies:
    "@ephox/bedrock-common" "^13.0.0"
    "@ephox/dispute" "^1.0.3"

"@ephox/bedrock-common@11 || 12 || 13", "@ephox/bedrock-common@^13.0.0":
  version "13.0.0"
  resolved "https://registry.yarnpkg.com/@ephox/bedrock-common/-/bedrock-common-13.0.0.tgz#e30d1710552de980b265b812dde879ff8875c359"
  integrity sha512-aJ3gtezZ0duGJAniT/+uWi0fFCJRqNdJjumxhCwOVTc2MSsXcyqn70s6FIlrp/Fw2QuyiEqxgormgrmBUbWNWA==
  dependencies:
    diff "^5.0.0"

"@ephox/boss@^6.1.1":
  version "6.1.1"
  resolved "https://registry.yarnpkg.com/@ephox/boss/-/boss-6.1.1.tgz#f2b84c2d6f4b476850b1c213499f2d7bf079041c"
  integrity sha512-7td5QCeRwkiMBAgHeoGxz8XL4+kSZd21yl99h4cshLdsjOM1CSNbTqbCJ+yjkku46wUjlRGtxE7yReGN3gMQ/g==
  dependencies:
    "@ephox/katamari" "^9.1.6"
    "@ephox/sugar" "^9.3.1"

"@ephox/boulder@^7.1.6":
  version "7.1.6"
  resolved "https://registry.yarnpkg.com/@ephox/boulder/-/boulder-7.1.6.tgz#03913c5335c9a14238ab6a76498c1d6a28a9416f"
  integrity sha512-Bwl4SJYazwvj7soS7T9sKvbNVLGfd42955G5Srj7vQU4YN5y49JJJEk5NBOitcR7InwAptSPZGwswlNyi5WOuw==
  dependencies:
    "@ephox/katamari" "^9.1.6"

"@ephox/bridge@^5.0.0":
  version "4.7.1"
  resolved "https://registry.yarnpkg.com/@ephox/bridge/-/bridge-4.7.1.tgz#4392ef01e24527e34475ed2bc42c17e3c456d5ad"
  integrity sha512-6SjQ1hpnmE2AztPVQU6S4nEBLNtabkJUAZtBN/ME/PbkOZ4ZIYjlTOqtO26A2BGjBuXLaYe+lynSLpfWhMu/hw==
  dependencies:
    "@ephox/boulder" "^7.1.6"
    "@ephox/katamari" "^9.1.6"

"@ephox/darwin@^9.0.0":
  version "8.2.1"
  resolved "https://registry.yarnpkg.com/@ephox/darwin/-/darwin-8.2.1.tgz#9e1cadc8ff6aef2aba324f9b23bb32cb09586de4"
  integrity sha512-IuA59MDHJZcbGly/Nn5g8z71I6EixIsHIekK6aHvQmh9wYcm+B9mVh9qDUVf6B++vV5r8i2d6X8w4hCTCqSlaA==
  dependencies:
    "@ephox/katamari" "^9.1.6"
    "@ephox/phoenix" "^8.4.1"
    "@ephox/robin" "^10.4.1"
    "@ephox/sand" "^6.0.10"
    "@ephox/snooker" "^11.2.1"
    "@ephox/sugar" "^9.3.1"

"@ephox/dispute@^1.0.3":
  version "1.0.14"
  resolved "https://registry.yarnpkg.com/@ephox/dispute/-/dispute-1.0.14.tgz#f7a81ec5cfb63561a29711118bc4a3e42f7046df"
  integrity sha512-cl8hu6u8FDIJ0Ofmp9PzMWuby7mNXylcbr5yrsQ7MMOVKXTTBKj93ZWGmPFqKBTbWdeMji16fVRLxYqCp7FInA==
  dependencies:
    tslib "^2.0.0"

"@ephox/dragster@^7.3.1":
  version "7.3.1"
  resolved "https://registry.yarnpkg.com/@ephox/dragster/-/dragster-7.3.1.tgz#16a2b87c71adbf8bc1b43e5d555247fb377f2457"
  integrity sha512-KpdcKiZhkaI95NeqcEhJwze0BmLoCBeFvKzBuaOVmeNtb9VYqmifuKXqaetmbQIdemwye7O69GJXi3LN6LTzWQ==
  dependencies:
    "@ephox/katamari" "^9.1.6"
    "@ephox/porkbun" "^7.0.10"
    "@ephox/sugar" "^9.3.1"

"@ephox/jax@^7.0.10":
  version "7.0.10"
  resolved "https://registry.yarnpkg.com/@ephox/jax/-/jax-7.0.10.tgz#af356fd1c4dd98cff4738499d0a7e26c2c567e0a"
  integrity sha512-iDqR2M45ketsSdfQmrjy8xyqVGPiLUTs/FOYBmwUdbBNYifQx9sT2eKQrOmsVYuH6voZaoiXdA0EK8aqHcKGQg==
  dependencies:
    "@ephox/katamari" "^9.1.6"

"@ephox/katamari@^9.1.6":
  version "9.1.6"
  resolved "https://registry.yarnpkg.com/@ephox/katamari/-/katamari-9.1.6.tgz#a7b6e6bfa4c4ab3f0569ab06298c432c5ef0227f"
  integrity sha512-7R7hcpiIWaDk4t731ppdr3X/hjLZkHTDjJCEgGgTS3ylddodGKtSMS91tISicYjKQXnB06GT+gJoOk3/McazIg==
  dependencies:
    "@ephox/dispute" "^1.0.3"

"@ephox/phoenix@^8.4.1":
  version "8.4.1"
  resolved "https://registry.yarnpkg.com/@ephox/phoenix/-/phoenix-8.4.1.tgz#6567d2ed0773ffc3e709bbdd7e2f73a022307d5d"
  integrity sha512-BkwYwnT18yjRpC4rZWOKIn54WiKarKcs2jjJVo0DWuAsV+1XAc8OU/SJH1CqO78k5lCuGWITZtVJaTfhONN79g==
  dependencies:
    "@ephox/boss" "^6.1.1"
    "@ephox/katamari" "^9.1.6"
    "@ephox/polaris" "^6.3.1"
    "@ephox/sugar" "^9.3.1"

"@ephox/polaris@^6.3.1":
  version "6.3.1"
  resolved "https://registry.yarnpkg.com/@ephox/polaris/-/polaris-6.3.1.tgz#6a41efd3d8488f1fdfda2140e447dd7ec06a42a5"
  integrity sha512-repgjaGTuAl76rzAzDZQomzas3aJFwOELm1jGEZrLsxt1XAvocPMObi74DxEszCwuTt4NfgLKyVHVP3Wh0nyUw==
  dependencies:
    "@ephox/katamari" "^9.1.6"

"@ephox/porkbun@^7.0.10":
  version "7.0.10"
  resolved "https://registry.yarnpkg.com/@ephox/porkbun/-/porkbun-7.0.10.tgz#a3f516018b5b47a3dc003ed182d636f0be46ace9"
  integrity sha512-NIh0jK0zUlgWjOmCqxAOXGB56Ds1ifDxAEGu5GzecoBSxP2jKQyz9ftPbYwksvOLvkHYenfx3Af8ejy6KesInw==
  dependencies:
    "@ephox/katamari" "^9.1.6"

"@ephox/robin@^10.4.1":
  version "10.4.1"
  resolved "https://registry.yarnpkg.com/@ephox/robin/-/robin-10.4.1.tgz#940d463cb3c37f0d2850fdd25c4a56dea9e17d4d"
  integrity sha512-zRMSDwwOJN6gjrBZBZLLvdHwQS7MtvqO7MO6pfW0dMCQkxMfddRBLIQVvkGIfUS8ZNKoYSeYA5rm6/wAbcx3lA==
  dependencies:
    "@ephox/boss" "^6.1.1"
    "@ephox/katamari" "^9.1.6"
    "@ephox/phoenix" "^8.4.1"
    "@ephox/polaris" "^6.3.1"
    "@ephox/sugar" "^9.3.1"

"@ephox/sand@^6.0.10":
  version "6.0.10"
  resolved "https://registry.yarnpkg.com/@ephox/sand/-/sand-6.0.10.tgz#1bd3e03ce339ab282fa3ac03591badc13f7d69b1"
  integrity sha512-q/2Xcjl1O5c9/HHxQiEKGZkGsC68WUjVP5ciDNKqrZd1s1BhA3VWbaubQxxBRt3SwKyBCukfS5gL53qkqTfbkg==
  dependencies:
    "@ephox/katamari" "^9.1.6"

"@ephox/snooker@^11.2.1":
  version "11.2.1"
  resolved "https://registry.yarnpkg.com/@ephox/snooker/-/snooker-11.2.1.tgz#3dfcbdecc49b0ff09842033a7f34e5f16f8f96d8"
  integrity sha512-X7myA5joiIb8y46JWPm1XpRspKJR/RKO+0OUbm8lAvCevkuZF/ofpl+jivyTzCLJpuZkQl2Z148vGhbMupiLqg==
  dependencies:
    "@ephox/dragster" "^7.3.1"
    "@ephox/katamari" "^9.1.6"
    "@ephox/porkbun" "^7.0.10"
    "@ephox/robin" "^10.4.1"
    "@ephox/sugar" "^9.3.1"

"@ephox/sugar@^9.3.1":
  version "9.3.1"
  resolved "https://registry.yarnpkg.com/@ephox/sugar/-/sugar-9.3.1.tgz#082dbe885d41e657eff7ef6275d648f3dff88334"
  integrity sha512-NQMqDN0zC+IZGuhBuz/7RxncfJsmTBhCHgaqkHOJ5d1E0CIL9afIizBYQ0JSHS3osAb9woGGtwPobjCx3/Srpw==
  dependencies:
    "@ephox/katamari" "^9.1.6"
    "@ephox/sand" "^6.0.10"

"@tinymce/oxide-icons-default@^3.0.0":
  version "2.6.1"
  resolved "https://registry.yarnpkg.com/@tinymce/oxide-icons-default/-/oxide-icons-default-2.6.1.tgz#a512030f2f1f35f67340272eee7f2b2ccf2dd871"
  integrity sha512-pTwmPsXYVZMIyMaocAHpIQl3btVr3Jg8zl64RBKVh/oHh/zTnrZcZJBZAnL1lZTh7eqwF7kPboB16qkhXKsCCg==

"@tinymce/oxide@^3.0.0":
  version "2.8.2"
  resolved "https://registry.yarnpkg.com/@tinymce/oxide/-/oxide-2.8.2.tgz#97b5724eef460b5852812e84bd584682da4a2dc3"
  integrity sha512-DZnubyvRNwDEJhCy4oPmWDKF6JednqWrmifQe7BtkVSZVb33hohJiuFjhoARnrRGQYY59a72lhSWHi4gCI8jVw==
  dependencies:
    prism-themes "^1.9.0"
    prismjs "^1.27.0"

"@types/sizzle@^2.3.3":
  version "2.3.8"
  resolved "https://registry.yarnpkg.com/@types/sizzle/-/sizzle-2.3.8.tgz#518609aefb797da19bf222feb199e8f653ff7627"
  integrity sha512-0vWLNK2D5MT9dg0iOo8GlKguPAU02QjmZitPEsXRuJXU/OGIOt9vT9Fc26wtYuavLxtO45v9PGleoL9Z0k1LHg==

diff@^5.0.0:
  version "5.2.0"
  resolved "https://registry.yarnpkg.com/diff/-/diff-5.2.0.tgz#26ded047cd1179b78b9537d5ef725503ce1ae531"
  integrity sha512-uIFDxqpRZGZ6ThOk84hEfqWoHx2devRFvpTZcTHur85vImfaxUbTW9Ryh4CpCuDnToOP1CEtXKIgytHBPVff5A==

dompurify@3.0.5:
  version "3.0.5"
  resolved "https://registry.yarnpkg.com/dompurify/-/dompurify-3.0.5.tgz#eb3d9cfa10037b6e73f32c586682c4b2ab01fbed"
  integrity sha512-F9e6wPGtY+8KNMRAVfxeCOHU0/NPWMSENNq4pQctuXRqqdEPW7q3CrLbR5Nse044WwacyjHGOMlvNsBe1y6z9A==

fast-check@^2.0.0:
  version "2.25.0"
  resolved "https://registry.yarnpkg.com/fast-check/-/fast-check-2.25.0.tgz#5146601851bf3be0953bd17eb2b7d547936c6561"
  integrity sha512-wRUT2KD2lAmT75WNIJIHECawoUUMHM0I5jrlLXGtGeqmPL8jl/EldUDjY1VCp6fDY8yflyfUeIOsOBrIbIiArg==
  dependencies:
    pure-rand "^5.0.1"

prism-themes@^1.9.0:
  version "1.9.0"
  resolved "https://registry.yarnpkg.com/prism-themes/-/prism-themes-1.9.0.tgz#19c034f3205f1e28d75d89728e54ccd745f7e3dd"
  integrity sha512-tX2AYsehKDw1EORwBps+WhBFKc2kxfoFpQAjxBndbZKr4fRmMkv47XN0BghC/K1qwodB1otbe4oF23vUTFDokw==

prismjs@^1.27.0:
  version "1.29.0"
  resolved "https://registry.yarnpkg.com/prismjs/-/prismjs-1.29.0.tgz#f113555a8fa9b57c35e637bba27509dcf802dd12"
  integrity sha512-Kx/1w86q/epKcmte75LNrEoT+lX8pBpavuAbvJWRXar7Hz8jrtF+e3vY751p0R8H9HdArwaCTNDDzHg/ScJK1Q==

pure-rand@^5.0.1:
  version "5.0.5"
  resolved "https://registry.yarnpkg.com/pure-rand/-/pure-rand-5.0.5.tgz#bda2a7f6a1fc0f284d78d78ca5902f26f2ad35cf"
  integrity sha512-BwQpbqxSCBJVpamI6ydzcKqyFmnd5msMWUGvzXLm1aXvusbbgkbOto/EUPM00hjveJEaJtdbhUjKSzWRhQVkaw==

sizzle@^2.3.4:
  version "2.3.10"
  resolved "https://registry.yarnpkg.com/sizzle/-/sizzle-2.3.10.tgz#535bd98dec4a598731ad169fd00922dd27aa5198"
  integrity sha512-kPGev+SiByuzi/YPDTqCwdKLWCaN9+14ve86yH0gP6Efue04xjLYWJrcLC6y1buFyIVXkwHNXPsOTEd1MYVPbQ==

tslib@^2.0.0:
  version "2.6.2"
  resolved "https://registry.yarnpkg.com/tslib/-/tslib-2.6.2.tgz#703ac29425e7b37cd6fd456e92404d46d1f3e4ae"
  integrity sha512-AEYxH93jGFPn/a2iVAwW87VuUIkR1FVUKB77NwMF7nBTDkDrrT/Hpt/IrCJ0QXhW27jTBDcf5ZY7w6RiqTMw2Q==
